
Microsoft Visual Studio Solution File, Format Version 12.00
# Visual Studio 15
VisualStudioVersion = 15.0.27130.2010
MinimumVisualStudioVersion = 10.0.40219.1
Project("{FAE04EC0-301F-11D3-BF4B-00C04F79EFBC}") = "EhrWeb", "EhrWeb\EhrWeb.csproj", "{E1EE9178-BBEF-42A9-A835-CB1E5BCBC3EC}"
EndProject
Project("{FAE04EC0-301F-11D3-BF4B-00C04F79EFBC}") = "SAL", "SAL\SAL.csproj", "{0AF6AFCD-874B-423C-99B2-31203C33A041}"
EndProject
Project("{FAE04EC0-301F-11D3-BF4B-00C04F79EFBC}") = "BLL", "BLL\BLL.csproj", "{D64A58C2-AB16-4F31-AAA8-DC1E828A85D1}"
EndProject
Project("{FAE04EC0-301F-11D3-BF4B-00C04F79EFBC}") = "BusinessEntity", "BusinessEntity\BusinessEntity.csproj", "{60A4E310-9906-4151-9259-7E61EFB9FA3F}"
EndProject
Project("{FAE04EC0-301F-11D3-BF4B-00C04F79EFBC}") = "Utility", "Utility\Utility.csproj", "{B6FBD4A4-E819-4595-BB95-661CFF4715AC}"
EndProject
Global
	GlobalSection(SolutionConfigurationPlatforms) = preSolution
		Debug|Any CPU = Debug|Any CPU
		Release|Any CPU = Release|Any CPU
	EndGlobalSection
	GlobalSection(ProjectConfigurationPlatforms) = postSolution
		{E1EE9178-BBEF-42A9-A835-CB1E5BCBC3EC}.Debug|Any CPU.ActiveCfg = Debug|Any CPU
		{E1EE9178-BBEF-42A9-A835-CB1E5BCBC3EC}.Debug|Any CPU.Build.0 = Debug|Any CPU
		{E1EE9178-BBEF-42A9-A835-CB1E5BCBC3EC}.Release|Any CPU.ActiveCfg = Release|Any CPU
		{E1EE9178-BBEF-42A9-A835-CB1E5BCBC3EC}.Release|Any CPU.Build.0 = Release|Any CPU
		{0AF6AFCD-874B-423C-99B2-31203C33A041}.Debug|Any CPU.ActiveCfg = Debug|Any CPU
		{0AF6AFCD-874B-423C-99B2-31203C33A041}.Debug|Any CPU.Build.0 = Debug|Any CPU
		{0AF6AFCD-874B-423C-99B2-31203C33A041}.Release|Any CPU.ActiveCfg = Release|Any CPU
		{0AF6AFCD-874B-423C-99B2-31203C33A041}.Release|Any CPU.Build.0 = Release|Any CPU
		{D64A58C2-AB16-4F31-AAA8-DC1E828A85D1}.Debug|Any CPU.ActiveCfg = Debug|Any CPU
		{D64A58C2-AB16-4F31-AAA8-DC1E828A85D1}.Debug|Any CPU.Build.0 = Debug|Any CPU
		{D64A58C2-AB16-4F31-AAA8-DC1E828A85D1}.Release|Any CPU.ActiveCfg = Release|Any CPU
		{D64A58C2-AB16-4F31-AAA8-DC1E828A85D1}.Release|Any CPU.Build.0 = Release|Any CPU
		{60A4E310-9906-4151-9259-7E61EFB9FA3F}.Debug|Any CPU.ActiveCfg = Debug|Any CPU
		{60A4E310-9906-4151-9259-7E61EFB9FA3F}.Debug|Any CPU.Build.0 = Debug|Any CPU
		{60A4E310-9906-4151-9259-7E61EFB9FA3F}.Release|Any CPU.ActiveCfg = Release|Any CPU
		{60A4E310-9906-4151-9259-7E61EFB9FA3F}.Release|Any CPU.Build.0 = Release|Any CPU
		{B6FBD4A4-E819-4595-BB95-661CFF4715AC}.Debug|Any CPU.ActiveCfg = Debug|Any CPU
		{B6FBD4A4-E819-4595-BB95-661CFF4715AC}.Debug|Any CPU.Build.0 = Debug|Any CPU
		{B6FBD4A4-E819-4595-BB95-661CFF4715AC}.Release|Any CPU.ActiveCfg = Release|Any CPU
		{B6FBD4A4-E819-4595-BB95-661CFF4715AC}.Release|Any CPU.Build.0 = Release|Any CPU
	EndGlobalSection
	GlobalSection(SolutionProperties) = preSolution
		HideSolutionNode = FALSE
	EndGlobalSection
	GlobalSection(ExtensibilityGlobals) = postSolution
		SolutionGuid = {55EFE067-B8C6-4DF4-8CD7-A2132E643921}
	EndGlobalSection
EndGlobal
